Microsoft Visual Studio Solution File, Format Version 11.00
# Visual Studio 2010
Project("{A4D7F911-78ED-459F-A682-B9364B68817D}") = "testapp", ".dub/testapp.visualdproj", "{CB3E960D-6B1C-47D1-B4C9-ACB1CBE1B043}"
	ProjectSection(ProjectDependencies) = postProject
		{92635FD4-9DC0-43F3-A6B8-AB49B1BBCA05} = {92635FD4-9DC0-43F3-A6B8-AB49B1BBCA05}
	EndProjectSection
EndProject
Project("{A4D7F911-78ED-459F-A682-B9364B68817D}") = "dstats", ".dub/dstats.visualdproj", "{92635FD4-9DC0-43F3-A6B8-AB49B1BBCA05}"
EndProject
Global
	GlobalSection(SolutionConfigurationPlatforms) = preSolution
		debug|x64 = debug|x64
	EndGlobalSection
	GlobalSection(ProjectConfigurationPlatforms) = postSolution
		{92635FD4-9DC0-43F3-A6B8-AB49B1BBCA05}.debug|x64.ActiveCfg = debug|x64
		{92635FD4-9DC0-43F3-A6B8-AB49B1BBCA05}.debug|x64.Build.0 = debug|x64
		{CB3E960D-6B1C-47D1-B4C9-ACB1CBE1B043}.debug|x64.ActiveCfg = debug|x64
		{CB3E960D-6B1C-47D1-B4C9-ACB1CBE1B043}.debug|x64.Build.0 = debug|x64
	EndGlobalSection
	GlobalSection(SolutionProperties) = preSolution
		HideSolutionNode = FALSE
	EndGlobalSection
EndGlobal
